
Microsoft Visual Studio Solution File, Format Version 12.00
# Visual Studio 15
VisualStudioVersion = 15.0.28010.2036
MinimumVisualStudioVersion = 10.0.40219.1
Project("{8BC9CEB8-8B4A-11D0-8D11-00A0C91BC942}") = "Ch4_Lab2", "Ch4_Lab2\Ch4_Lab2.vcxproj", "{38A2073F-CE46-484C-A5C9-AEF5301C0C65}"
EndProject
Global
	GlobalSection(SolutionConfigurationPlatforms) = preSolution
		Debug|x64 = Debug|x64
		Debug|x86 = Debug|x86
		Release|x64 = Release|x64
		Release|x86 = Release|x86
	EndGlobalSection
	GlobalSection(ProjectConfigurationPlatforms) = postSolution
		{38A2073F-CE46-484C-A5C9-AEF5301C0C65}.Debug|x64.ActiveCfg = Debug|x64
		{38A2073F-CE46-484C-A5C9-AEF5301C0C65}.Debug|x64.Build.0 = Debug|x64
		{38A2073F-CE46-484C-A5C9-AEF5301C0C65}.Debug|x86.ActiveCfg = Debug|Win32
		{38A2073F-CE46-484C-A5C9-AEF5301C0C65}.Debug|x86.Build.0 = Debug|Win32
		{38A2073F-CE46-484C-A5C9-AEF5301C0C65}.Release|x64.ActiveCfg = Release|x64
		{38A2073F-CE46-484C-A5C9-AEF5301C0C65}.Release|x64.Build.0 = Release|x64
		{38A2073F-CE46-484C-A5C9-AEF5301C0C65}.Release|x86.ActiveCfg = Release|Win32
		{38A2073F-CE46-484C-A5C9-AEF5301C0C65}.Release|x86.Build.0 = Release|Win32
	EndGlobalSection
	GlobalSection(SolutionProperties) = preSolution
		HideSolutionNode = FALSE
	EndGlobalSection
	GlobalSection(ExtensibilityGlobals) = postSolution
		SolutionGuid = {DF10C327-A036-4B3E-84FF-67FECBD69E87}
	EndGlobalSection
EndGlobal
